
Microsoft Visual Studio Solution File, Format Version 12.00
# Visual Studio Version 17
VisualStudioVersion = 17.9.34607.119
MinimumVisualStudioVersion = 10.0.40219.1
Project("{9A19103F-16F7-4668-BE54-9A1E7A4F7556}") = "CoVoyageur.API", "FilRougeRefait\CoVoyageur.API.csproj", "{A693132B-C5D6-4404-9E0B-41276BB4E635}"
EndProject
Project("{FAE04EC0-301F-11D3-BF4B-00C04F79EFBC}") = "CoVoyageur.Core", "CoVoyageur.Core\CoVoyageur.Core.csproj", "{667792E7-878E-4849-A6A2-EE1E66F539D8}"
EndProject
Project("{FAE04EC0-301F-11D3-BF4B-00C04F79EFBC}") = "CoVoyageur.Front", "CoVoyageur.Front\CoVoyageur.Front.csproj", "{BAABFCB7-BEDB-420D-9105-6ACA2235253C}"
EndProject
Global
	GlobalSection(SolutionConfigurationPlatforms) = preSolution
		Debug|Any CPU = Debug|Any CPU
		Release|Any CPU = Release|Any CPU
	EndGlobalSection
	GlobalSection(ProjectConfigurationPlatforms) = postSolution
		{A693132B-C5D6-4404-9E0B-41276BB4E635}.Debug|Any CPU.ActiveCfg = Debug|Any CPU
		{A693132B-C5D6-4404-9E0B-41276BB4E635}.Debug|Any CPU.Build.0 = Debug|Any CPU
		{A693132B-C5D6-4404-9E0B-41276BB4E635}.Release|Any CPU.ActiveCfg = Release|Any CPU
		{A693132B-C5D6-4404-9E0B-41276BB4E635}.Release|Any CPU.Build.0 = Release|Any CPU
		{667792E7-878E-4849-A6A2-EE1E66F539D8}.Debug|Any CPU.ActiveCfg = Debug|Any CPU
		{667792E7-878E-4849-A6A2-EE1E66F539D8}.Debug|Any CPU.Build.0 = Debug|Any CPU
		{667792E7-878E-4849-A6A2-EE1E66F539D8}.Release|Any CPU.ActiveCfg = Release|Any CPU
		{667792E7-878E-4849-A6A2-EE1E66F539D8}.Release|Any CPU.Build.0 = Release|Any CPU
		{BAABFCB7-BEDB-420D-9105-6ACA2235253C}.Debug|Any CPU.ActiveCfg = Debug|Any CPU
		{BAABFCB7-BEDB-420D-9105-6ACA2235253C}.Debug|Any CPU.Build.0 = Debug|Any CPU
		{BAABFCB7-BEDB-420D-9105-6ACA2235253C}.Release|Any CPU.ActiveCfg = Release|Any CPU
		{BAABFCB7-BEDB-420D-9105-6ACA2235253C}.Release|Any CPU.Build.0 = Release|Any CPU
	EndGlobalSection
	GlobalSection(SolutionProperties) = preSolution
		HideSolutionNode = FALSE
	EndGlobalSection
	GlobalSection(ExtensibilityGlobals) = postSolution
		SolutionGuid = {D83CE7D6-4E07-4534-81EC-4D0DD4F677CA}
	EndGlobalSection
EndGlobal
